{
  "name": "twitter-pod-testing",
  "version": "1.0.0",
  "lockfileVersion": 2,
  "requires": true,
  "packages": {
    "": {
      "name": "twitter-pod-testing",
      "version": "1.0.0",
      "dependencies": {
        "dotenv": "^8.2.0",
        "twitter-api-v2": "^1.15.1"
      }
    },
    "node_modules/dotenv": {
      "version": "8.6.0",
      "resolved": "https://registry.npmjs.org/dotenv/-/dotenv-8.6.0.tgz",
      "integrity": "sha512-IrPdXQsk2BbzvCBGBOTmmSH5SodmqZNt4ERAZDmW4CT+tL8VtvinqywuANaFu4bOMWki16nqf0e4oC0QIaDr/g==",
      "engines": {
        "node": ">=10"
      }
    },
    "node_modules/twitter-api-v2": {
      "version": "1.15.1",
      "resolved": "https://registry.npmjs.org/twitter-api-v2/-/twitter-api-v2-1.15.1.tgz",
      "integrity": "sha512-KNxoJL+sldWMI3AooPGcNkbP8awQai93d9xxsTurVPuUo/qnOUR3iO0XZTGC5sezdejHHqNyTwBAgGGw948MDg=="
    }
  },
  "dependencies": {
    "dotenv": {
      "version": "8.6.0",
      "resolved": "https://registry.npmjs.org/dotenv/-/dotenv-8.6.0.tgz",
      "integrity": "sha512-IrPdXQsk2BbzvCBGBOTmmSH5SodmqZNt4ERAZDmW4CT+tL8VtvinqywuANaFu4bOMWki16nqf0e4oC0QIaDr/g=="
    },
    "twitter-api-v2": {
      "version": "1.15.1",
      "resolved": "https://registry.npmjs.org/twitter-api-v2/-/twitter-api-v2-1.15.1.tgz",
      "integrity": "sha512-KNxoJL+sldWMI3AooPGcNkbP8awQai93d9xxsTurVPuUo/qnOUR3iO0XZTGC5sezdejHHqNyTwBAgGGw948MDg=="
    }
  }
}
